
Microsoft Visual Studio Solution File, Format Version 12.00
# Visual Studio Version 16
VisualStudioVersion = 16.0.32126.315
MinimumVisualStudioVersion = 10.0.40219.1
Project("{2150E333-8FDC-42A3-9474-1A3956D46DE8}") = "Services", "Services", "{566C915E-A915-473D-8C3F-BCC108D3A58C}"
EndProject
Project("{2150E333-8FDC-42A3-9474-1A3956D46DE8}") = "ServiceCatalog", "ServiceCatalog", "{2F49824E-1460-48DB-9D6F-D3D1D5FE316E}"
EndProject
Project("{9A19103F-16F7-4668-BE54-9A1E7A4F7556}") = "ServiceCatalog.API", "Services\ServiceCatalog\ServiceCatalog.API\ServiceCatalog.API.csproj", "{F29CF12A-4F8B-4D61-B04E-0AEAE0CAAF3D}"
EndProject
Project("{E53339B2-1760-4266-BCC7-CA923CBCF16C}") = "docker-compose", "docker-compose.dcproj", "{92CC72BF-D014-4CD2-8E30-ED93F58458F6}"
EndProject
Project("{2150E333-8FDC-42A3-9474-1A3956D46DE8}") = "Cart", "Cart", "{914B2B9F-7C23-4DDD-97B0-61A88A6A2AD8}"
EndProject
Project("{9A19103F-16F7-4668-BE54-9A1E7A4F7556}") = "Cart.API", "Services\Cart\Cart.API\Cart.API.csproj", "{7DDBD3B1-576E-4159-A75C-C3B503EE824D}"
EndProject
Project("{2150E333-8FDC-42A3-9474-1A3956D46DE8}") = "Order", "Order", "{7EB15C2E-201E-474E-A326-E4F312E4ED89}"
EndProject
Project("{9A19103F-16F7-4668-BE54-9A1E7A4F7556}") = "Ordering.API", "Services\Order\Order.API\Ordering.API.csproj", "{DB25810A-614E-487A-B5A6-D4890C2154EC}"
EndProject
Project("{2150E333-8FDC-42A3-9474-1A3956D46DE8}") = "BuildingBlocks", "BuildingBlocks", "{82127E94-8B33-4125-8F97-367AB08CB221}"
EndProject
Project("{FAE04EC0-301F-11D3-BF4B-00C04F79EFBC}") = "EventBus.Message", "BuildingBlocks\EventBus.Message\EventBus.Message.csproj", "{DBFABEA6-CE96-4F7F-AE02-771B3F12101A}"
EndProject
Global
	GlobalSection(SolutionConfigurationPlatforms) = preSolution
		Debug|Any CPU = Debug|Any CPU
		Release|Any CPU = Release|Any CPU
	EndGlobalSection
	GlobalSection(ProjectConfigurationPlatforms) = postSolution
		{F29CF12A-4F8B-4D61-B04E-0AEAE0CAAF3D}.Debug|Any CPU.ActiveCfg = Debug|Any CPU
		{F29CF12A-4F8B-4D61-B04E-0AEAE0CAAF3D}.Debug|Any CPU.Build.0 = Debug|Any CPU
		{F29CF12A-4F8B-4D61-B04E-0AEAE0CAAF3D}.Release|Any CPU.ActiveCfg = Release|Any CPU
		{F29CF12A-4F8B-4D61-B04E-0AEAE0CAAF3D}.Release|Any CPU.Build.0 = Release|Any CPU
		{92CC72BF-D014-4CD2-8E30-ED93F58458F6}.Debug|Any CPU.ActiveCfg = Debug|Any CPU
		{92CC72BF-D014-4CD2-8E30-ED93F58458F6}.Debug|Any CPU.Build.0 = Debug|Any CPU
		{92CC72BF-D014-4CD2-8E30-ED93F58458F6}.Release|Any CPU.ActiveCfg = Release|Any CPU
		{92CC72BF-D014-4CD2-8E30-ED93F58458F6}.Release|Any CPU.Build.0 = Release|Any CPU
		{7DDBD3B1-576E-4159-A75C-C3B503EE824D}.Debug|Any CPU.ActiveCfg = Debug|Any CPU
		{7DDBD3B1-576E-4159-A75C-C3B503EE824D}.Debug|Any CPU.Build.0 = Debug|Any CPU
		{7DDBD3B1-576E-4159-A75C-C3B503EE824D}.Release|Any CPU.ActiveCfg = Release|Any CPU
		{7DDBD3B1-576E-4159-A75C-C3B503EE824D}.Release|Any CPU.Build.0 = Release|Any CPU
		{DB25810A-614E-487A-B5A6-D4890C2154EC}.Debug|Any CPU.ActiveCfg = Debug|Any CPU
		{DB25810A-614E-487A-B5A6-D4890C2154EC}.Debug|Any CPU.Build.0 = Debug|Any CPU
		{DB25810A-614E-487A-B5A6-D4890C2154EC}.Release|Any CPU.ActiveCfg = Release|Any CPU
		{DB25810A-614E-487A-B5A6-D4890C2154EC}.Release|Any CPU.Build.0 = Release|Any CPU
		{DBFABEA6-CE96-4F7F-AE02-771B3F12101A}.Debug|Any CPU.ActiveCfg = Debug|Any CPU
		{DBFABEA6-CE96-4F7F-AE02-771B3F12101A}.Debug|Any CPU.Build.0 = Debug|Any CPU
		{DBFABEA6-CE96-4F7F-AE02-771B3F12101A}.Release|Any CPU.ActiveCfg = Release|Any CPU
		{DBFABEA6-CE96-4F7F-AE02-771B3F12101A}.Release|Any CPU.Build.0 = Release|Any CPU
	EndGlobalSection
	GlobalSection(SolutionProperties) = preSolution
		HideSolutionNode = FALSE
	EndGlobalSection
	GlobalSection(NestedProjects) = preSolution
		{2F49824E-1460-48DB-9D6F-D3D1D5FE316E} = {566C915E-A915-473D-8C3F-BCC108D3A58C}
		{F29CF12A-4F8B-4D61-B04E-0AEAE0CAAF3D} = {2F49824E-1460-48DB-9D6F-D3D1D5FE316E}
		{914B2B9F-7C23-4DDD-97B0-61A88A6A2AD8} = {566C915E-A915-473D-8C3F-BCC108D3A58C}
		{7DDBD3B1-576E-4159-A75C-C3B503EE824D} = {914B2B9F-7C23-4DDD-97B0-61A88A6A2AD8}
		{7EB15C2E-201E-474E-A326-E4F312E4ED89} = {566C915E-A915-473D-8C3F-BCC108D3A58C}
		{DB25810A-614E-487A-B5A6-D4890C2154EC} = {7EB15C2E-201E-474E-A326-E4F312E4ED89}
		{DBFABEA6-CE96-4F7F-AE02-771B3F12101A} = {82127E94-8B33-4125-8F97-367AB08CB221}
	EndGlobalSection
	GlobalSection(ExtensibilityGlobals) = postSolution
		SolutionGuid = {2CFAC842-73D7-4D29-B0F7-CD3F884B1ADA}
	EndGlobalSection
EndGlobal
